PODS:
  - Alamofire (4.7.3)
  - Reachability (3.2)

DEPENDENCIES:
  - Alamofire (= 4.7.3)
  - Reachability (= 3.2)

SPEC REPOS:
  https://github.com/cocoapods/specs.git:
    - Alamofire
    - Reachability

SPEC CHECKSUMS:
  Alamofire: c7287b6e5d7da964a70935e5db17046b7fde6568
  Reachability: 33e18b67625424e47b6cde6d202dce689ad7af96

PODFILE CHECKSUM: 60f925a42d9f654d89ba562285278208fcaecb3a

COCOAPODS: 1.5.3
